
Microsoft Visual Studio Solution File, Format Version 12.00
# Visual Studio Version 16
VisualStudioVersion = 16.0.31205.134
MinimumVisualStudioVersion = 10.0.40219.1
Project("{FAE04EC0-301F-11D3-BF4B-00C04F79EFBC}") = "pizzashop", "pizzashop\pizzashop.csproj", "{DC0F97C2-57E7-4E17-8C9F-A7A6219388C9}"
EndProject
Global
	GlobalSection(SolutionConfigurationPlatforms) = preSolution
		Debug|Any CPU = Debug|Any CPU
		Release|Any CPU = Release|Any CPU
	EndGlobalSection
	GlobalSection(ProjectConfigurationPlatforms) = postSolution
		{DC0F97C2-57E7-4E17-8C9F-A7A6219388C9}.Debug|Any CPU.ActiveCfg = Debug|Any CPU
		{DC0F97C2-57E7-4E17-8C9F-A7A6219388C9}.Debug|Any CPU.Build.0 = Debug|Any CPU
		{DC0F97C2-57E7-4E17-8C9F-A7A6219388C9}.Release|Any CPU.ActiveCfg = Release|Any CPU
		{DC0F97C2-57E7-4E17-8C9F-A7A6219388C9}.Release|Any CPU.Build.0 = Release|Any CPU
	EndGlobalSection
	GlobalSection(SolutionProperties) = preSolution
		HideSolutionNode = FALSE
	EndGlobalSection
	GlobalSection(ExtensibilityGlobals) = postSolution
		SolutionGuid = {F082453B-3473-4A69-BA23-4E118E3FD832}
	EndGlobalSection
EndGlobal
